
Microsoft Visual Studio Solution File, Format Version 12.00
# Visual Studio 15
VisualStudioVersion = 15.0.27703.2000
MinimumVisualStudioVersion = 10.0.40219.1
Project("{8BC9CEB8-8B4A-11D0-8D11-00A0C91BC942}") = "PE_Analyzer", "PE_Analyzer\PE_Analyzer.vcxproj", "{CF054F61-C189-47CF-B60C-425FE67E794A}"
EndProject
Global
	GlobalSection(SolutionConfigurationPlatforms) = preSolution
		Debug|x64 = Debug|x64
		Debug|x86 = Debug|x86
		Release|x64 = Release|x64
		Release|x86 = Release|x86
	EndGlobalSection
	GlobalSection(ProjectConfigurationPlatforms) = postSolution
		{CF054F61-C189-47CF-B60C-425FE67E794A}.Debug|x64.ActiveCfg = Debug|x64
		{CF054F61-C189-47CF-B60C-425FE67E794A}.Debug|x64.Build.0 = Debug|x64
		{CF054F61-C189-47CF-B60C-425FE67E794A}.Debug|x86.ActiveCfg = Debug|Win32
		{CF054F61-C189-47CF-B60C-425FE67E794A}.Debug|x86.Build.0 = Debug|Win32
		{CF054F61-C189-47CF-B60C-425FE67E794A}.Release|x64.ActiveCfg = Release|x64
		{CF054F61-C189-47CF-B60C-425FE67E794A}.Release|x64.Build.0 = Release|x64
		{CF054F61-C189-47CF-B60C-425FE67E794A}.Release|x86.ActiveCfg = Release|Win32
		{CF054F61-C189-47CF-B60C-425FE67E794A}.Release|x86.Build.0 = Release|Win32
	EndGlobalSection
	GlobalSection(SolutionProperties) = preSolution
		HideSolutionNode = FALSE
	EndGlobalSection
	GlobalSection(ExtensibilityGlobals) = postSolution
		SolutionGuid = {042EBBB5-4923-4537-AFF2-79D9C2584769}
	EndGlobalSection
EndGlobal
